// !$*UTF8*$!
{
	archiveVersion = 1;
	classes = {
	};
	objectVersion = 50;
	objects = {

/* Begin PBXBuildFile section */
		B5AA1A0E208845C40066E73D /* AppDelegate.m in Sources */ = {isa = PBXBuildFile; fileRef = B5AA1A0D208845C40066E73D /* AppDelegate.m */; };
		B5AA1A11208845C40066E73D /* ViewController.m in Sources */ = {isa = PBXBuildFile; fileRef = B5AA1A10208845C40066E73D /* ViewController.m */; };
		B5AA1A14208845C40066E73D /* Main.storyboard in Resources */ = {isa = PBXBuildFile; fileRef = B5AA1A12208845C40066E73D /* Main.storyboard */; };
		B5AA1A16208845C50066E73D /* Assets.xcassets in Resources */ = {isa = PBXBuildFile; fileRef = B5AA1A15208845C50066E73D /* Assets.xcassets */; };
		B5AA1A19208845C50066E73D /* LaunchScreen.storyboard in Resources */ = {isa = PBXBuildFile; fileRef = B5AA1A17208845C50066E73D /* LaunchScreen.storyboard */; };
		B5AA1A1C208845C50066E73D /* main.m in Sources */ = {isa = PBXBuildFile; fileRef = B5AA1A1B208845C50066E73D /* main.m */; };
		B5AA1A26208845C50066E73D /* RunLoop_03____Tests.m in Sources */ = {isa = PBXBuildFile; fileRef = B5AA1A25208845C50066E73D /* RunLoop_03____Tests.m */; };
		B5AA1A31208845C50066E73D /* RunLoop_03____UITests.m in Sources */ = {isa = PBXBuildFile; fileRef = B5AA1A30208845C50066E73D /* RunLoop_03____UITests.m */; };
		B5AA1A40208845DC0066E73D /* ZJThread.m in Sources */ = {isa = PBXBuildFile; fileRef = B5AA1A3F208845DC0066E73D /* ZJThread.m */; };
/* End PBXBuildFile section */

/* Begin PBXContainerItemProxy section */
		B5AA1A22208845C50066E73D /* PBXContainerItemProxy */ = {
			isa = PBXContainerItemProxy;
			containerPortal = B5AA1A01208845C40066E73D /* Project object */;
			proxyType = 1;
			remoteGlobalIDString = B5AA1A08208845C40066E73D;
			remoteInfo = "RunLoop-03线程常驻";
		};
		B5AA1A2D208845C50066E73D /* PBXContainerItemProxy */ = {
			isa = PBXContainerItemProxy;
			containerPortal = B5AA1A01208845C40066E73D /* Project object */;
			proxyType = 1;
			remoteGlobalIDString = B5AA1A08208845C40066E73D;
			remoteInfo = "RunLoop-03线程常驻";
		};
/* End PBXContainerItemProxy section */

/* Begin PBXFileReference section */
		B5AA1A09208845C40066E73D /* RunLoop-03线程常驻.app */ = {isa = PBXFileReference; explicitFileType = wrapper.application; includeInIndex = 0; path = "RunLoop-03线程常驻.app"; sourceTree = BUILT_PRODUCTS_DIR; };
		B5AA1A0C208845C40066E73D /* AppDelegate.h */ = {isa = PBXFileReference; lastKnownFileType = sourcecode.c.h; path = AppDelegate.h; sourceTree = "<group>"; };
		B5AA1A0D208845C40066E73D /* AppDelegate.m */ = {isa = PBXFileReference; lastKnownFileType = sourcecode.c.objc; path = AppDelegate.m; sourceTree = "<group>"; };
		B5AA1A0F208845C40066E73D /* ViewController.h */ = {isa = PBXFileReference; lastKnownFileType = sourcecode.c.h; path = ViewController.h; sourceTree = "<group>"; };
		B5AA1A10208845C40066E73D /* ViewController.m */ = {isa = PBXFileReference; lastKnownFileType = sourcecode.c.objc; path = ViewController.m; sourceTree = "<group>"; };
		B5AA1A13208845C40066E73D /* Base */ = {isa = PBXFileReference; lastKnownFileType = file.storyboard; name = Base; path = Base.lproj/Main.storyboard; sourceTree = "<group>"; };
		B5AA1A15208845C50066E73D /* Assets.xcassets */ = {isa = PBXFileReference; lastKnownFileType = folder.assetcatalog; path = Assets.xcassets; sourceTree = "<group>"; };
		B5AA1A18208845C50066E73D /* Base */ = {isa = PBXFileReference; lastKnownFileType = file.storyboard; name = Base; path = Base.lproj/LaunchScreen.storyboard; sourceTree = "<group>"; };
		B5AA1A1A208845C50066E73D /* Info.plist */ = {isa = PBXFileReference; lastKnownFileType = text.plist.xml; path = Info.plist; sourceTree = "<group>"; };
		B5AA1A1B208845C50066E73D /* main.m */ = {isa = PBXFileReference; lastKnownFileType = sourcecode.c.objc; path = main.m; sourceTree = "<group>"; };
		B5AA1A21208845C50066E73D /* RunLoop-03线程常驻Tests.xctest */ = {isa = PBXFileReference; explicitFileType = wrapper.cfbundle; includeInIndex = 0; path = "RunLoop-03线程常驻Tests.xctest"; sourceTree = BUILT_PRODUCTS_DIR; };
		B5AA1A25208845C50066E73D /* RunLoop_03____Tests.m */ = {isa = PBXFileReference; lastKnownFileType = sourcecode.c.objc; path = "RunLoop_03____Tests.m"; sourceTree = "<group>"; };
		B5AA1A27208845C50066E73D /* Info.plist */ = {isa = PBXFileReference; lastKnownFileType = text.plist.xml; path = Info.plist; sourceTree = "<group>"; };
		B5AA1A2C208845C50066E73D /* RunLoop-03线程常驻UITests.xctest */ = {isa = PBXFileReference; explicitFileType = wrapper.cfbundle; includeInIndex = 0; path = "RunLoop-03线程常驻UITests.xctest"; sourceTree = BUILT_PRODUCTS_DIR; };
		B5AA1A30208845C50066E73D /* RunLoop_03____UITests.m */ = {isa = PBXFileReference; lastKnownFileType = sourcecode.c.objc; path = "RunLoop_03____UITests.m"; sourceTree = "<group>"; };
		B5AA1A32208845C50066E73D /* Info.plist */ = {isa = PBXFileReference; lastKnownFileType = text.plist.xml; path = Info.plist; sourceTree = "<group>"; };
		B5AA1A3E208845DC0066E73D /* ZJThread.h */ = {isa = PBXFileReference; lastKnownFileType = sourcecode.c.h; path = ZJThread.h; sourceTree = "<group>"; };
		B5AA1A3F208845DC0066E73D /* ZJThread.m */ = {isa = PBXFileReference; lastKnownFileType = sourcecode.c.objc; path = ZJThread.m; sourceTree = "<group>"; };
/* End PBXFileReference section */

/* Begin PBXFrameworksBuildPhase section */
		B5AA1A06208845C40066E73D /* Frameworks */ = {
			isa = PBXFrameworksBuildPhase;
			buildActionMask = 2147483647;
			files = (
			);
			runOnlyForDeploymentPostprocessing = 0;
		};
		B5AA1A1E208845C50066E73D /* Frameworks */ = {
			isa = PBXFrameworksBuildPhase;
			buildActionMask = 2147483647;
			files = (
			);
			runOnlyForDeploymentPostprocessing = 0;
		};
		B5AA1A29208845C50066E73D /* Frameworks */ = {
			isa = PBXFrameworksBuildPhase;
			buildActionMask = 2147483647;
			files = (
			);
			runOnlyForDeploymentPostprocessing = 0;
		};
/* End PBXFrameworksBuildPhase section */

/* Begin PBXGroup section */
		B5AA1A00208845C40066E73D = {
			isa = PBXGroup;
			children = (
				B5AA1A0B208845C40066E73D /* RunLoop-03线程常驻 */,
				B5AA1A24208845C50066E73D /* RunLoop-03线程常驻Tests */,
				B5AA1A2F208845C50066E73D /* RunLoop-03线程常驻UITests */,
				B5AA1A0A208845C40066E73D /* Products */,
			);
			sourceTree = "<group>";
		};
		B5AA1A0A208845C40066E73D /* Products */ = {
			isa = PBXGroup;
			children = (
				B5AA1A09208845C40066E73D /* RunLoop-03线程常驻.app */,
				B5AA1A21208845C50066E73D /* RunLoop-03线程常驻Tests.xctest */,
				B5AA1A2C208845C50066E73D /* RunLoop-03线程常驻UITests.xctest */,
			);
			name = Products;
			sourceTree = "<group>";
		};
		B5AA1A0B208845C40066E73D /* RunLoop-03线程常驻 */ = {
			isa = PBXGroup;
			children = (
				B5AA1A0C208845C40066E73D /* AppDelegate.h */,
				B5AA1A0D208845C40066E73D /* AppDelegate.m */,
				B5AA1A0F208845C40066E73D /* ViewController.h */,
				B5AA1A10208845C40066E73D /* ViewController.m */,
				B5AA1A3E208845DC0066E73D /* ZJThread.h */,
				B5AA1A3F208845DC0066E73D /* ZJThread.m */,
				B5AA1A12208845C40066E73D /* Main.storyboard */,
				B5AA1A15208845C50066E73D /* Assets.xcassets */,
				B5AA1A17208845C50066E73D /* LaunchScreen.storyboard */,
				B5AA1A1A208845C50066E73D /* Info.plist */,
				B5AA1A1B208845C50066E73D /* main.m */,
			);
			path = "RunLoop-03线程常驻";
			sourceTree = "<group>";
		};
		B5AA1A24208845C50066E73D /* RunLoop-03线程常驻Tests */ = {
			isa = PBXGroup;
			children = (
				B5AA1A25208845C50066E73D /* RunLoop_03____Tests.m */,
				B5AA1A27208845C50066E73D /* Info.plist */,
			);
			path = "RunLoop-03线程常驻Tests";
			sourceTree = "<group>";
		};
		B5AA1A2F208845C50066E73D /* RunLoop-03线程常驻UITests */ = {
			isa = PBXGroup;
			children = (
				B5AA1A30208845C50066E73D /* RunLoop_03____UITests.m */,
				B5AA1A32208845C50066E73D /* Info.plist */,
			);
			path = "RunLoop-03线程常驻UITests";
			sourceTree = "<group>";
		};
/* End PBXGroup section */

/* Begin PBXNativeTarget section */
		B5AA1A08208845C40066E73D /* RunLoop-03线程常驻 */ = {
			isa = PBXNativeTarget;
			buildConfigurationList = B5AA1A35208845C50066E73D /* Build configuration list for PBXNativeTarget "RunLoop-03线程常驻" */;
			buildPhases = (
				B5AA1A05208845C40066E73D /* Sources */,
				B5AA1A06208845C40066E73D /* Frameworks */,
				B5AA1A07208845C40066E73D /* Resources */,
			);
			buildRules = (
			);
			dependencies = (
			);
			name = "RunLoop-03线程常驻";
			productName = "RunLoop-03线程常驻";
			productReference = B5AA1A09208845C40066E73D /* RunLoop-03线程常驻.app */;
			productType = "com.apple.product-type.application";
		};
		B5AA1A20208845C50066E73D /* RunLoop-03线程常驻Tests */ = {
			isa = PBXNativeTarget;
			buildConfigurationList = B5AA1A38208845C50066E73D /* Build configuration list for PBXNativeTarget "RunLoop-03线程常驻Tests" */;
			buildPhases = (
				B5AA1A1D208845C50066E73D /* Sources */,
				B5AA1A1E208845C50066E73D /* Frameworks */,
				B5AA1A1F208845C50066E73D /* Resources */,
			);
			buildRules = (
			);
			dependencies = (
				B5AA1A23208845C50066E73D /* PBXTargetDependency */,
			);
			name = "RunLoop-03线程常驻Tests";
			productName = "RunLoop-03线程常驻Tests";
			productReference = B5AA1A21208845C50066E73D /* RunLoop-03线程常驻Tests.xctest */;
			productType = "com.apple.product-type.bundle.unit-test";
		};
		B5AA1A2B208845C50066E73D /* RunLoop-03线程常驻UITests */ = {
			isa = PBXNativeTarget;
			buildConfigurationList = B5AA1A3B208845C50066E73D /* Build configuration list for PBXNativeTarget "RunLoop-03线程常驻UITests" */;
			buildPhases = (
				B5AA1A28208845C50066E73D /* Sources */,
				B5AA1A29208845C50066E73D /* Frameworks */,
				B5AA1A2A208845C50066E73D /* Resources */,
			);
			buildRules = (
			);
			dependencies = (
				B5AA1A2E208845C50066E73D /* PBXTargetDependency */,
			);
			name = "RunLoop-03线程常驻UITests";
			productName = "RunLoop-03线程常驻UITests";
			productReference = B5AA1A2C208845C50066E73D /* RunLoop-03线程常驻UITests.xctest */;
			productType = "com.apple.product-type.bundle.ui-testing";
		};
/* End PBXNativeTarget section */

/* Begin PBXProject section */
		B5AA1A01208845C40066E73D /* Project object */ = {
			isa = PBXProject;
			attributes = {
				LastUpgradeCheck = 0930;
				ORGANIZATIONNAME = cen;
				TargetAttributes = {
					B5AA1A08208845C40066E73D = {
						CreatedOnToolsVersion = 9.3;
					};
					B5AA1A20208845C50066E73D = {
						CreatedOnToolsVersion = 9.3;
						TestTargetID = B5AA1A08208845C40066E73D;
					};
					B5AA1A2B208845C50066E73D = {
						CreatedOnToolsVersion = 9.3;
						TestTargetID = B5AA1A08208845C40066E73D;
					};
				};
			};
			buildConfigurationList = B5AA1A04208845C40066E73D /* Build configuration list for PBXProject "RunLoop-03线程常驻" */;
			compatibilityVersion = "Xcode 9.3";
			developmentRegion = en;
			hasScannedForEncodings = 0;
			knownRegions = (
				en,
				Base,
			);
			mainGroup = B5AA1A00208845C40066E73D;
			productRefGroup = B5AA1A0A208845C40066E73D /* Products */;
			projectDirPath = "";
			projectRoot = "";
			targets = (
				B5AA1A08208845C40066E73D /* RunLoop-03线程常驻 */,
				B5AA1A20208845C50066E73D /* RunLoop-03线程常驻Tests */,
				B5AA1A2B208845C50066E73D /* RunLoop-03线程常驻UITests */,
			);
		};
/* End PBXProject section */

/* Begin PBXResourcesBuildPhase section */
		B5AA1A07208845C40066E73D /* Resources */ = {
			isa = PBXResourcesBuildPhase;
			buildActionMask = 2147483647;
			files = (
				B5AA1A19208845C50066E73D /* LaunchScreen.storyboard in Resources */,
				B5AA1A16208845C50066E73D /* Assets.xcassets in Resources */,
				B5AA1A14208845C40066E73D /* Main.storyboard in Resources */,
			);
			runOnlyForDeploymentPostprocessing = 0;
		};
		B5AA1A1F208845C50066E73D /* Resources */ = {
			isa = PBXResourcesBuildPhase;
			buildActionMask = 2147483647;
			files = (
			);
			runOnlyForDeploymentPostprocessing = 0;
		};
		B5AA1A2A208845C50066E73D /* Resources */ = {
			isa = PBXResourcesBuildPhase;
			buildActionMask = 2147483647;
			files = (
			);
			runOnlyForDeploymentPostprocessing = 0;
		};
/* End PBXResourcesBuildPhase section */

/* Begin PBXSourcesBuildPhase section */
		B5AA1A05208845C40066E73D /* Sources */ = {
			isa = PBXSourcesBuildPhase;
			buildActionMask = 2147483647;
			files = (
				B5AA1A11208845C40066E73D /* ViewController.m in Sources */,
				B5AA1A40208845DC0066E73D /* ZJThread.m in Sources */,
				B5AA1A1C208845C50066E73D /* main.m in Sources */,
				B5AA1A0E208845C40066E73D /* AppDelegate.m in Sources */,
			);
			runOnlyForDeploymentPostprocessing = 0;
		};
		B5AA1A1D208845C50066E73D /* Sources */ = {
			isa = PBXSourcesBuildPhase;
			buildActionMask = 2147483647;
			files = (
				B5AA1A26208845C50066E73D /* RunLoop_03____Tests.m in Sources */,
			);
			runOnlyForDeploymentPostprocessing = 0;
		};
		B5AA1A28208845C50066E73D /* Sources */ = {
			isa = PBXSourcesBuildPhase;
			buildActionMask = 2147483647;
			files = (
				B5AA1A31208845C50066E73D /* RunLoop_03____UITests.m in Sources */,
			);
			runOnlyForDeploymentPostprocessing = 0;
		};
/* End PBXSourcesBuildPhase section */

/* Begin PBXTargetDependency section */
		B5AA1A23208845C50066E73D /* PBXTargetDependency */ = {
			isa = PBXTargetDependency;
			target = B5AA1A08208845C40066E73D /* RunLoop-03线程常驻 */;
			targetProxy = B5AA1A22208845C50066E73D /* PBXContainerItemProxy */;
		};
		B5AA1A2E208845C50066E73D /* PBXTargetDependency */ = {
			isa = PBXTargetDependency;
			target = B5AA1A08208845C40066E73D /* RunLoop-03线程常驻 */;
			targetProxy = B5AA1A2D208845C50066E73D /* PBXContainerItemProxy */;
		};
/* End PBXTargetDependency section */

/* Begin PBXVariantGroup section */
		B5AA1A12208845C40066E73D /* Main.storyboard */ = {
			isa = PBXVariantGroup;
			children = (
				B5AA1A13208845C40066E73D /* Base */,
			);
			name = Main.storyboard;
			sourceTree = "<group>";
		};
		B5AA1A17208845C50066E73D /* LaunchScreen.storyboard */ = {
			isa = PBXVariantGroup;
			children = (
				B5AA1A18208845C50066E73D /* Base */,
			);
			name = LaunchScreen.storyboard;
			sourceTree = "<group>";
		};
/* End PBXVariantGroup section */

/* Begin XCBuildConfiguration section */
		B5AA1A33208845C50066E73D /* Debug */ = {
			isa = XCBuildConfiguration;
			buildSettings = {
				ALWAYS_SEARCH_USER_PATHS = NO;
				CLANG_ANALYZER_NONNULL = YES;
				CLANG_ANALYZER_NUMBER_OBJECT_CONVERSION = YES_AGGRESSIVE;
				CLANG_CXX_LANGUAGE_STANDARD = "gnu++14";
				CLANG_CXX_LIBRARY = "libc++";
				CLANG_ENABLE_MODULES = YES;
				CLANG_ENABLE_OBJC_ARC = YES;
				CLANG_ENABLE_OBJC_WEAK = YES;
				CLANG_WARN_BLOCK_CAPTURE_AUTORELEASING = YES;
				CLANG_WARN_BOOL_CONVERSION = YES;
				CLANG_WARN_COMMA = YES;
				CLANG_WARN_CONSTANT_CONVERSION = YES;
				CLANG_WARN_DEPRECATED_OBJC_IMPLEMENTATIONS = YES;
				CLANG_WARN_DIRECT_OBJC_ISA_USAGE = YES_ERROR;
				CLANG_WARN_DOCUMENTATION_COMMENTS = YES;
				CLANG_WARN_EMPTY_BODY = YES;
				CLANG_WARN_ENUM_CONVERSION = YES;
				CLANG_WARN_INFINITE_RECURSION = YES;
				CLANG_WARN_INT_CONVERSION = YES;
				CLANG_WARN_NON_LITERAL_NULL_CONVERSION = YES;
				CLANG_WARN_OBJC_IMPLICIT_RETAIN_SELF = YES;
				CLANG_WARN_OBJC_LITERAL_CONVERSION = YES;
				CLANG_WARN_OBJC_ROOT_CLASS = YES_ERROR;
				CLANG_WARN_RANGE_LOOP_ANALYSIS = YES;
				CLANG_WARN_STRICT_PROTOTYPES = YES;
				CLANG_WARN_SUSPICIOUS_MOVE = YES;
				CLANG_WARN_UNGUARDED_AVAILABILITY = YES_AGGRESSIVE;
				CLANG_WARN_UNREACHABLE_CODE = YES;
				CLANG_WARN__DUPLICATE_METHOD_MATCH = YES;
				CODE_SIGN_IDENTITY = "iPhone Developer";
				COPY_PHASE_STRIP = NO;
				DEBUG_INFORMATION_FORMAT = dwarf;
				ENABLE_STRICT_OBJC_MSGSEND = YES;
				ENABLE_TESTABILITY = YES;
				GCC_C_LANGUAGE_STANDARD = gnu11;
				GCC_DYNAMIC_NO_PIC = NO;
				GCC_NO_COMMON_BLOCKS = YES;
				GCC_OPTIMIZATION_LEVEL = 0;
				GCC_PREPROCESSOR_DEFINITIONS = (
					"DEBUG=1",
					"$(inherited)",
				);
				GCC_WARN_64_TO_32_BIT_CONVERSION = YES;
				GCC_WARN_ABOUT_RETURN_TYPE = YES_ERROR;
				GCC_WARN_UNDECLARED_SELECTOR = YES;
				GCC_WARN_UNINITIALIZED_AUTOS = YES_AGGRESSIVE;
				GCC_WARN_UNUSED_FUNCTION = YES;
				GCC_WARN_UNUSED_VARIABLE = YES;
				IPHONEOS_DEPLOYMENT_TARGET = 11.3;
				MTL_ENABLE_DEBUG_INFO = YES;
				ONLY_ACTIVE_ARCH = YES;
				SDKROOT = iphoneos;
			};
			name = Debug;
		};
		B5AA1A34208845C50066E73D /* Release */ = {
			isa = XCBuildConfiguration;
			buildSettings = {
				ALWAYS_SEARCH_USER_PATHS = NO;
				CLANG_ANALYZER_NONNULL = YES;
				CLANG_ANALYZER_NUMBER_OBJECT_CONVERSION = YES_AGGRESSIVE;
				CLANG_CXX_LANGUAGE_STANDARD = "gnu++14";
				CLANG_CXX_LIBRARY = "libc++";
				CLANG_ENABLE_MODULES = YES;
				CLANG_ENABLE_OBJC_ARC = YES;
				CLANG_ENABLE_OBJC_WEAK = YES;
				CLANG_WARN_BLOCK_CAPTURE_AUTORELEASING = YES;
				CLANG_WARN_BOOL_CONVERSION = YES;
				CLANG_WARN_COMMA = YES;
				CLANG_WARN_CONSTANT_CONVERSION = YES;
				CLANG_WARN_DEPRECATED_OBJC_IMPLEMENTATIONS = YES;
				CLANG_WARN_DIRECT_OBJC_ISA_USAGE = YES_ERROR;
				CLANG_WARN_DOCUMENTATION_COMMENTS = YES;
				CLANG_WARN_EMPTY_BODY = YES;
				CLANG_WARN_ENUM_CONVERSION = YES;
				CLANG_WARN_INFINITE_RECURSION = YES;
				CLANG_WARN_INT_CONVERSION = YES;
				CLANG_WARN_NON_LITERAL_NULL_CONVERSION = YES;
				CLANG_WARN_OBJC_IMPLICIT_RETAIN_SELF = YES;
				CLANG_WARN_OBJC_LITERAL_CONVERSION = YES;
				CLANG_WARN_OBJC_ROOT_CLASS = YES_ERROR;
				CLANG_WARN_RANGE_LOOP_ANALYSIS = YES;
				CLANG_WARN_STRICT_PROTOTYPES = YES;
				CLANG_WARN_SUSPICIOUS_MOVE = YES;
				CLANG_WARN_UNGUARDED_AVAILABILITY = YES_AGGRESSIVE;
				CLANG_WARN_UNREACHABLE_CODE = YES;
				CLANG_WARN__DUPLICATE_METHOD_MATCH = YES;
				CODE_SIGN_IDENTITY = "iPhone Developer";
				COPY_PHASE_STRIP = NO;
				DEBUG_INFORMATION_FORMAT = "dwarf-with-dsym";
				ENABLE_NS_ASSERTIONS = NO;
				ENABLE_STRICT_OBJC_MSGSEND = YES;
				GCC_C_LANGUAGE_STANDARD = gnu11;
				GCC_NO_COMMON_BLOCKS = YES;
				GCC_WARN_64_TO_32_BIT_CONVERSION = YES;
				GCC_WARN_ABOUT_RETURN_TYPE = YES_ERROR;
				GCC_WARN_UNDECLARED_SELECTOR = YES;
				GCC_WARN_UNINITIALIZED_AUTOS = YES_AGGRESSIVE;
				GCC_WARN_UNUSED_FUNCTION = YES;
				GCC_WARN_UNUSED_VARIABLE = YES;
				IPHONEOS_DEPLOYMENT_TARGET = 11.3;
				MTL_ENABLE_DEBUG_INFO = NO;
				SDKROOT = iphoneos;
				VALIDATE_PRODUCT = YES;
			};
			name = Release;
		};
		B5AA1A36208845C50066E73D /* Debug */ = {
			isa = XCBuildConfiguration;
			buildSettings = {
				ASSETCATALOG_COMPILER_APPICON_NAME = AppIcon;
				CODE_SIGN_STYLE = Automatic;
				INFOPLIST_FILE = "RunLoop-03线程常驻/Info.plist";
				LD_RUNPATH_SEARCH_PATHS = (
					"$(inherited)",
					"@executable_path/Frameworks",
				);
				PRODUCT_BUNDLE_IDENTIFIER = "com.v.tech.RunLoop-03----";
				PRODUCT_NAME = "$(TARGET_NAME)";
				TARGETED_DEVICE_FAMILY = "1,2";
			};
			name = Debug;
		};
		B5AA1A37208845C50066E73D /* Release */ = {
			isa = XCBuildConfiguration;
			buildSettings = {
				ASSETCATALOG_COMPILER_APPICON_NAME = AppIcon;
				CODE_SIGN_STYLE = Automatic;
				INFOPLIST_FILE = "RunLoop-03线程常驻/Info.plist";
				LD_RUNPATH_SEARCH_PATHS = (
					"$(inherited)",
					"@executable_path/Frameworks",
				);
				PRODUCT_BUNDLE_IDENTIFIER = "com.v.tech.RunLoop-03----";
				PRODUCT_NAME = "$(TARGET_NAME)";
				TARGETED_DEVICE_FAMILY = "1,2";
			};
			name = Release;
		};
		B5AA1A39208845C50066E73D /* Debug */ = {
			isa = XCBuildConfiguration;
			buildSettings = {
				BUNDLE_LOADER = "$(TEST_HOST)";
				CODE_SIGN_STYLE = Automatic;
				INFOPLIST_FILE = "RunLoop-03线程常驻Tests/Info.plist";
				LD_RUNPATH_SEARCH_PATHS = (
					"$(inherited)",
					"@executable_path/Frameworks",
					"@loader_path/Frameworks",
				);
				PRODUCT_BUNDLE_IDENTIFIER = "com.v.tech.RunLoop-03----Tests";
				PRODUCT_NAME = "$(TARGET_NAME)";
				TARGETED_DEVICE_FAMILY = "1,2";
				TEST_HOST = "$(BUILT_PRODUCTS_DIR)/RunLoop-03线程常驻.app/RunLoop-03线程常驻";
			};
			name = Debug;
		};
		B5AA1A3A208845C50066E73D /* Release */ = {
			isa = XCBuildConfiguration;
			buildSettings = {
				BUNDLE_LOADER = "$(TEST_HOST)";
				CODE_SIGN_STYLE = Automatic;
				INFOPLIST_FILE = "RunLoop-03线程常驻Tests/Info.plist";
				LD_RUNPATH_SEARCH_PATHS = (
					"$(inherited)",
					"@executable_path/Frameworks",
					"@loader_path/Frameworks",
				);
				PRODUCT_BUNDLE_IDENTIFIER = "com.v.tech.RunLoop-03----Tests";
				PRODUCT_NAME = "$(TARGET_NAME)";
				TARGETED_DEVICE_FAMILY = "1,2";
				TEST_HOST = "$(BUILT_PRODUCTS_DIR)/RunLoop-03线程常驻.app/RunLoop-03线程常驻";
			};
			name = Release;
		};
		B5AA1A3C208845C50066E73D /* Debug */ = {
			isa = XCBuildConfiguration;
			buildSettings = {
				CODE_SIGN_STYLE = Automatic;
				INFOPLIST_FILE = "RunLoop-03线程常驻UITests/Info.plist";
				LD_RUNPATH_SEARCH_PATHS = (
					"$(inherited)",
					"@executable_path/Frameworks",
					"@loader_path/Frameworks",
				);
				PRODUCT_BUNDLE_IDENTIFIER = "com.v.tech.RunLoop-03----UITests";
				PRODUCT_NAME = "$(TARGET_NAME)";
				TARGETED_DEVICE_FAMILY = "1,2";
				TEST_TARGET_NAME = "RunLoop-03线程常驻";
			};
			name = Debug;
		};
		B5AA1A3D208845C50066E73D /* Release */ = {
			isa = XCBuildConfiguration;
			buildSettings = {
				CODE_SIGN_STYLE = Automatic;
				INFOPLIST_FILE = "RunLoop-03线程常驻UITests/Info.plist";
				LD_RUNPATH_SEARCH_PATHS = (
					"$(inherited)",
					"@executable_path/Frameworks",
					"@loader_path/Frameworks",
				);
				PRODUCT_BUNDLE_IDENTIFIER = "com.v.tech.RunLoop-03----UITests";
				PRODUCT_NAME = "$(TARGET_NAME)";
				TARGETED_DEVICE_FAMILY = "1,2";
				TEST_TARGET_NAME = "RunLoop-03线程常驻";
			};
			name = Release;
		};
/* End XCBuildConfiguration section */

/* Begin XCConfigurationList section */
		B5AA1A04208845C40066E73D /* Build configuration list for PBXProject "RunLoop-03线程常驻" */ = {
			isa = XCConfigurationList;
			buildConfigurations = (
				B5AA1A33208845C50066E73D /* Debug */,
				B5AA1A34208845C50066E73D /* Release */,
			);
			defaultConfigurationIsVisible = 0;
			defaultConfigurationName = Release;
		};
		B5AA1A35208845C50066E73D /* Build configuration list for PBXNativeTarget "RunLoop-03线程常驻" */ = {
			isa = XCConfigurationList;
			buildConfigurations = (
				B5AA1A36208845C50066E73D /* Debug */,
				B5AA1A37208845C50066E73D /* Release */,
			);
			defaultConfigurationIsVisible = 0;
			defaultConfigurationName = Release;
		};
		B5AA1A38208845C50066E73D /* Build configuration list for PBXNativeTarget "RunLoop-03线程常驻Tests" */ = {
			isa = XCConfigurationList;
			buildConfigurations = (
				B5AA1A39208845C50066E73D /* Debug */,
				B5AA1A3A208845C50066E73D /* Release */,
			);
			defaultConfigurationIsVisible = 0;
			defaultConfigurationName = Release;
		};
		B5AA1A3B208845C50066E73D /* Build configuration list for PBXNativeTarget "RunLoop-03线程常驻UITests" */ = {
			isa = XCConfigurationList;
			buildConfigurations = (
				B5AA1A3C208845C50066E73D /* Debug */,
				B5AA1A3D208845C50066E73D /* Release */,
			);
			defaultConfigurationIsVisible = 0;
			defaultConfigurationName = Release;
		};
/* End XCConfigurationList section */
	};
	rootObject = B5AA1A01208845C40066E73D /* Project object */;
}
