// !$*UTF8*$!
{
	archiveVersion = 1;
	classes = {
	};
	objectVersion = 50;
	objects = {

/* Begin PBXBuildFile section */
		B563730C20B054EF008E4C08 /* AppDelegate.m in Sources */ = {isa = PBXBuildFile; fileRef = B563730B20B054EF008E4C08 /* AppDelegate.m */; };
		B563730F20B054EF008E4C08 /* ViewController.m in Sources */ = {isa = PBXBuildFile; fileRef = B563730E20B054EF008E4C08 /* ViewController.m */; };
		B563731220B054EF008E4C08 /* Main.storyboard in Resources */ = {isa = PBXBuildFile; fileRef = B563731020B054EF008E4C08 /* Main.storyboard */; };
		B563731420B054F0008E4C08 /* Assets.xcassets in Resources */ = {isa = PBXBuildFile; fileRef = B563731320B054F0008E4C08 /* Assets.xcassets */; };
		B563731720B054F0008E4C08 /* LaunchScreen.storyboard in Resources */ = {isa = PBXBuildFile; fileRef = B563731520B054F0008E4C08 /* LaunchScreen.storyboard */; };
		B563731A20B054F0008E4C08 /* main.m in Sources */ = {isa = PBXBuildFile; fileRef = B563731920B054F0008E4C08 /* main.m */; };
		B563732420B054F1008E4C08 /* KVOTests.m in Sources */ = {isa = PBXBuildFile; fileRef = B563732320B054F1008E4C08 /* KVOTests.m */; };
		B563732F20B054F1008E4C08 /* KVOUITests.m in Sources */ = {isa = PBXBuildFile; fileRef = B563732E20B054F1008E4C08 /* KVOUITests.m */; };
		B563733E20B05508008E4C08 /* ZJPerson.m in Sources */ = {isa = PBXBuildFile; fileRef = B563733D20B05508008E4C08 /* ZJPerson.m */; };
		B563734920B112B5008E4C08 /* NSObject+kvo.m in Sources */ = {isa = PBXBuildFile; fileRef = B563734820B112B5008E4C08 /* NSObject+kvo.m */; };
/* End PBXBuildFile section */

/* Begin PBXContainerItemProxy section */
		B563732020B054F0008E4C08 /* PBXContainerItemProxy */ = {
			isa = PBXContainerItemProxy;
			containerPortal = B56372FF20B054EF008E4C08 /* Project object */;
			proxyType = 1;
			remoteGlobalIDString = B563730620B054EF008E4C08;
			remoteInfo = KVO;
		};
		B563732B20B054F1008E4C08 /* PBXContainerItemProxy */ = {
			isa = PBXContainerItemProxy;
			containerPortal = B56372FF20B054EF008E4C08 /* Project object */;
			proxyType = 1;
			remoteGlobalIDString = B563730620B054EF008E4C08;
			remoteInfo = KVO;
		};
/* End PBXContainerItemProxy section */

/* Begin PBXFileReference section */
		B563730720B054EF008E4C08 /* KVO.app */ = {isa = PBXFileReference; explicitFileType = wrapper.application; includeInIndex = 0; path = KVO.app; sourceTree = BUILT_PRODUCTS_DIR; };
		B563730A20B054EF008E4C08 /* AppDelegate.h */ = {isa = PBXFileReference; lastKnownFileType = sourcecode.c.h; path = AppDelegate.h; sourceTree = "<group>"; };
		B563730B20B054EF008E4C08 /* AppDelegate.m */ = {isa = PBXFileReference; lastKnownFileType = sourcecode.c.objc; path = AppDelegate.m; sourceTree = "<group>"; };
		B563730D20B054EF008E4C08 /* ViewController.h */ = {isa = PBXFileReference; lastKnownFileType = sourcecode.c.h; path = ViewController.h; sourceTree = "<group>"; };
		B563730E20B054EF008E4C08 /* ViewController.m */ = {isa = PBXFileReference; lastKnownFileType = sourcecode.c.objc; path = ViewController.m; sourceTree = "<group>"; };
		B563731120B054EF008E4C08 /* Base */ = {isa = PBXFileReference; lastKnownFileType = file.storyboard; name = Base; path = Base.lproj/Main.storyboard; sourceTree = "<group>"; };
		B563731320B054F0008E4C08 /* Assets.xcassets */ = {isa = PBXFileReference; lastKnownFileType = folder.assetcatalog; path = Assets.xcassets; sourceTree = "<group>"; };
		B563731620B054F0008E4C08 /* Base */ = {isa = PBXFileReference; lastKnownFileType = file.storyboard; name = Base; path = Base.lproj/LaunchScreen.storyboard; sourceTree = "<group>"; };
		B563731820B054F0008E4C08 /* Info.plist */ = {isa = PBXFileReference; lastKnownFileType = text.plist.xml; path = Info.plist; sourceTree = "<group>"; };
		B563731920B054F0008E4C08 /* main.m */ = {isa = PBXFileReference; lastKnownFileType = sourcecode.c.objc; path = main.m; sourceTree = "<group>"; };
		B563731F20B054F0008E4C08 /* KVOTests.xctest */ = {isa = PBXFileReference; explicitFileType = wrapper.cfbundle; includeInIndex = 0; path = KVOTests.xctest; sourceTree = BUILT_PRODUCTS_DIR; };
		B563732320B054F1008E4C08 /* KVOTests.m */ = {isa = PBXFileReference; lastKnownFileType = sourcecode.c.objc; path = KVOTests.m; sourceTree = "<group>"; };
		B563732520B054F1008E4C08 /* Info.plist */ = {isa = PBXFileReference; lastKnownFileType = text.plist.xml; path = Info.plist; sourceTree = "<group>"; };
		B563732A20B054F1008E4C08 /* KVOUITests.xctest */ = {isa = PBXFileReference; explicitFileType = wrapper.cfbundle; includeInIndex = 0; path = KVOUITests.xctest; sourceTree = BUILT_PRODUCTS_DIR; };
		B563732E20B054F1008E4C08 /* KVOUITests.m */ = {isa = PBXFileReference; lastKnownFileType = sourcecode.c.objc; path = KVOUITests.m; sourceTree = "<group>"; };
		B563733020B054F1008E4C08 /* Info.plist */ = {isa = PBXFileReference; lastKnownFileType = text.plist.xml; path = Info.plist; sourceTree = "<group>"; };
		B563733C20B05508008E4C08 /* ZJPerson.h */ = {isa = PBXFileReference; lastKnownFileType = sourcecode.c.h; path = ZJPerson.h; sourceTree = "<group>"; };
		B563733D20B05508008E4C08 /* ZJPerson.m */ = {isa = PBXFileReference; lastKnownFileType = sourcecode.c.objc; path = ZJPerson.m; sourceTree = "<group>"; };
		B563733F20B07282008E4C08 /* NSKVONotifying_ZJPerson.h */ = {isa = PBXFileReference; lastKnownFileType = sourcecode.c.h; path = NSKVONotifying_ZJPerson.h; sourceTree = "<group>"; };
		B563734020B07282008E4C08 /* NSKVONotifying_ZJPerson.m */ = {isa = PBXFileReference; lastKnownFileType = sourcecode.c.objc; path = NSKVONotifying_ZJPerson.m; sourceTree = "<group>"; };
		B563734720B112B5008E4C08 /* NSObject+kvo.h */ = {isa = PBXFileReference; lastKnownFileType = sourcecode.c.h; path = "NSObject+kvo.h"; sourceTree = "<group>"; };
		B563734820B112B5008E4C08 /* NSObject+kvo.m */ = {isa = PBXFileReference; lastKnownFileType = sourcecode.c.objc; path = "NSObject+kvo.m"; sourceTree = "<group>"; };
/* End PBXFileReference section */

/* Begin PBXFrameworksBuildPhase section */
		B563730420B054EF008E4C08 /* Frameworks */ = {
			isa = PBXFrameworksBuildPhase;
			buildActionMask = 2147483647;
			files = (
			);
			runOnlyForDeploymentPostprocessing = 0;
		};
		B563731C20B054F0008E4C08 /* Frameworks */ = {
			isa = PBXFrameworksBuildPhase;
			buildActionMask = 2147483647;
			files = (
			);
			runOnlyForDeploymentPostprocessing = 0;
		};
		B563732720B054F1008E4C08 /* Frameworks */ = {
			isa = PBXFrameworksBuildPhase;
			buildActionMask = 2147483647;
			files = (
			);
			runOnlyForDeploymentPostprocessing = 0;
		};
/* End PBXFrameworksBuildPhase section */

/* Begin PBXGroup section */
		B56372FE20B054EF008E4C08 = {
			isa = PBXGroup;
			children = (
				B563730920B054EF008E4C08 /* KVO */,
				B563732220B054F1008E4C08 /* KVOTests */,
				B563732D20B054F1008E4C08 /* KVOUITests */,
				B563730820B054EF008E4C08 /* Products */,
			);
			sourceTree = "<group>";
		};
		B563730820B054EF008E4C08 /* Products */ = {
			isa = PBXGroup;
			children = (
				B563730720B054EF008E4C08 /* KVO.app */,
				B563731F20B054F0008E4C08 /* KVOTests.xctest */,
				B563732A20B054F1008E4C08 /* KVOUITests.xctest */,
			);
			name = Products;
			sourceTree = "<group>";
		};
		B563730920B054EF008E4C08 /* KVO */ = {
			isa = PBXGroup;
			children = (
				B563730A20B054EF008E4C08 /* AppDelegate.h */,
				B563730B20B054EF008E4C08 /* AppDelegate.m */,
				B563730D20B054EF008E4C08 /* ViewController.h */,
				B563730E20B054EF008E4C08 /* ViewController.m */,
				B563734720B112B5008E4C08 /* NSObject+kvo.h */,
				B563734820B112B5008E4C08 /* NSObject+kvo.m */,
				B563733C20B05508008E4C08 /* ZJPerson.h */,
				B563733D20B05508008E4C08 /* ZJPerson.m */,
				B563733F20B07282008E4C08 /* NSKVONotifying_ZJPerson.h */,
				B563734020B07282008E4C08 /* NSKVONotifying_ZJPerson.m */,
				B563731020B054EF008E4C08 /* Main.storyboard */,
				B563731320B054F0008E4C08 /* Assets.xcassets */,
				B563731520B054F0008E4C08 /* LaunchScreen.storyboard */,
				B563731820B054F0008E4C08 /* Info.plist */,
				B563731920B054F0008E4C08 /* main.m */,
			);
			path = KVO;
			sourceTree = "<group>";
		};
		B563732220B054F1008E4C08 /* KVOTests */ = {
			isa = PBXGroup;
			children = (
				B563732320B054F1008E4C08 /* KVOTests.m */,
				B563732520B054F1008E4C08 /* Info.plist */,
			);
			path = KVOTests;
			sourceTree = "<group>";
		};
		B563732D20B054F1008E4C08 /* KVOUITests */ = {
			isa = PBXGroup;
			children = (
				B563732E20B054F1008E4C08 /* KVOUITests.m */,
				B563733020B054F1008E4C08 /* Info.plist */,
			);
			path = KVOUITests;
			sourceTree = "<group>";
		};
/* End PBXGroup section */

/* Begin PBXNativeTarget section */
		B563730620B054EF008E4C08 /* KVO */ = {
			isa = PBXNativeTarget;
			buildConfigurationList = B563733320B054F1008E4C08 /* Build configuration list for PBXNativeTarget "KVO" */;
			buildPhases = (
				B563730320B054EF008E4C08 /* Sources */,
				B563730420B054EF008E4C08 /* Frameworks */,
				B563730520B054EF008E4C08 /* Resources */,
			);
			buildRules = (
			);
			dependencies = (
			);
			name = KVO;
			productName = KVO;
			productReference = B563730720B054EF008E4C08 /* KVO.app */;
			productType = "com.apple.product-type.application";
		};
		B563731E20B054F0008E4C08 /* KVOTests */ = {
			isa = PBXNativeTarget;
			buildConfigurationList = B563733620B054F1008E4C08 /* Build configuration list for PBXNativeTarget "KVOTests" */;
			buildPhases = (
				B563731B20B054F0008E4C08 /* Sources */,
				B563731C20B054F0008E4C08 /* Frameworks */,
				B563731D20B054F0008E4C08 /* Resources */,
			);
			buildRules = (
			);
			dependencies = (
				B563732120B054F0008E4C08 /* PBXTargetDependency */,
			);
			name = KVOTests;
			productName = KVOTests;
			productReference = B563731F20B054F0008E4C08 /* KVOTests.xctest */;
			productType = "com.apple.product-type.bundle.unit-test";
		};
		B563732920B054F1008E4C08 /* KVOUITests */ = {
			isa = PBXNativeTarget;
			buildConfigurationList = B563733920B054F1008E4C08 /* Build configuration list for PBXNativeTarget "KVOUITests" */;
			buildPhases = (
				B563732620B054F1008E4C08 /* Sources */,
				B563732720B054F1008E4C08 /* Frameworks */,
				B563732820B054F1008E4C08 /* Resources */,
			);
			buildRules = (
			);
			dependencies = (
				B563732C20B054F1008E4C08 /* PBXTargetDependency */,
			);
			name = KVOUITests;
			productName = KVOUITests;
			productReference = B563732A20B054F1008E4C08 /* KVOUITests.xctest */;
			productType = "com.apple.product-type.bundle.ui-testing";
		};
/* End PBXNativeTarget section */

/* Begin PBXProject section */
		B56372FF20B054EF008E4C08 /* Project object */ = {
			isa = PBXProject;
			attributes = {
				LastUpgradeCheck = 0930;
				ORGANIZATIONNAME = "岑志军";
				TargetAttributes = {
					B563730620B054EF008E4C08 = {
						CreatedOnToolsVersion = 9.3;
					};
					B563731E20B054F0008E4C08 = {
						CreatedOnToolsVersion = 9.3;
						TestTargetID = B563730620B054EF008E4C08;
					};
					B563732920B054F1008E4C08 = {
						CreatedOnToolsVersion = 9.3;
						TestTargetID = B563730620B054EF008E4C08;
					};
				};
			};
			buildConfigurationList = B563730220B054EF008E4C08 /* Build configuration list for PBXProject "KVO" */;
			compatibilityVersion = "Xcode 9.3";
			developmentRegion = en;
			hasScannedForEncodings = 0;
			knownRegions = (
				en,
				Base,
			);
			mainGroup = B56372FE20B054EF008E4C08;
			productRefGroup = B563730820B054EF008E4C08 /* Products */;
			projectDirPath = "";
			projectRoot = "";
			targets = (
				B563730620B054EF008E4C08 /* KVO */,
				B563731E20B054F0008E4C08 /* KVOTests */,
				B563732920B054F1008E4C08 /* KVOUITests */,
			);
		};
/* End PBXProject section */

/* Begin PBXResourcesBuildPhase section */
		B563730520B054EF008E4C08 /* Resources */ = {
			isa = PBXResourcesBuildPhase;
			buildActionMask = 2147483647;
			files = (
				B563731720B054F0008E4C08 /* LaunchScreen.storyboard in Resources */,
				B563731420B054F0008E4C08 /* Assets.xcassets in Resources */,
				B563731220B054EF008E4C08 /* Main.storyboard in Resources */,
			);
			runOnlyForDeploymentPostprocessing = 0;
		};
		B563731D20B054F0008E4C08 /* Resources */ = {
			isa = PBXResourcesBuildPhase;
			buildActionMask = 2147483647;
			files = (
			);
			runOnlyForDeploymentPostprocessing = 0;
		};
		B563732820B054F1008E4C08 /* Resources */ = {
			isa = PBXResourcesBuildPhase;
			buildActionMask = 2147483647;
			files = (
			);
			runOnlyForDeploymentPostprocessing = 0;
		};
/* End PBXResourcesBuildPhase section */

/* Begin PBXSourcesBuildPhase section */
		B563730320B054EF008E4C08 /* Sources */ = {
			isa = PBXSourcesBuildPhase;
			buildActionMask = 2147483647;
			files = (
				B563733E20B05508008E4C08 /* ZJPerson.m in Sources */,
				B563730F20B054EF008E4C08 /* ViewController.m in Sources */,
				B563734920B112B5008E4C08 /* NSObject+kvo.m in Sources */,
				B563731A20B054F0008E4C08 /* main.m in Sources */,
				B563730C20B054EF008E4C08 /* AppDelegate.m in Sources */,
			);
			runOnlyForDeploymentPostprocessing = 0;
		};
		B563731B20B054F0008E4C08 /* Sources */ = {
			isa = PBXSourcesBuildPhase;
			buildActionMask = 2147483647;
			files = (
				B563732420B054F1008E4C08 /* KVOTests.m in Sources */,
			);
			runOnlyForDeploymentPostprocessing = 0;
		};
		B563732620B054F1008E4C08 /* Sources */ = {
			isa = PBXSourcesBuildPhase;
			buildActionMask = 2147483647;
			files = (
				B563732F20B054F1008E4C08 /* KVOUITests.m in Sources */,
			);
			runOnlyForDeploymentPostprocessing = 0;
		};
/* End PBXSourcesBuildPhase section */

/* Begin PBXTargetDependency section */
		B563732120B054F0008E4C08 /* PBXTargetDependency */ = {
			isa = PBXTargetDependency;
			target = B563730620B054EF008E4C08 /* KVO */;
			targetProxy = B563732020B054F0008E4C08 /* PBXContainerItemProxy */;
		};
		B563732C20B054F1008E4C08 /* PBXTargetDependency */ = {
			isa = PBXTargetDependency;
			target = B563730620B054EF008E4C08 /* KVO */;
			targetProxy = B563732B20B054F1008E4C08 /* PBXContainerItemProxy */;
		};
/* End PBXTargetDependency section */

/* Begin PBXVariantGroup section */
		B563731020B054EF008E4C08 /* Main.storyboard */ = {
			isa = PBXVariantGroup;
			children = (
				B563731120B054EF008E4C08 /* Base */,
			);
			name = Main.storyboard;
			sourceTree = "<group>";
		};
		B563731520B054F0008E4C08 /* LaunchScreen.storyboard */ = {
			isa = PBXVariantGroup;
			children = (
				B563731620B054F0008E4C08 /* Base */,
			);
			name = LaunchScreen.storyboard;
			sourceTree = "<group>";
		};
/* End PBXVariantGroup section */

/* Begin XCBuildConfiguration section */
		B563733120B054F1008E4C08 /* Debug */ = {
			isa = XCBuildConfiguration;
			buildSettings = {
				ALWAYS_SEARCH_USER_PATHS = NO;
				CLANG_ANALYZER_NONNULL = YES;
				CLANG_ANALYZER_NUMBER_OBJECT_CONVERSION = YES_AGGRESSIVE;
				CLANG_CXX_LANGUAGE_STANDARD = "gnu++14";
				CLANG_CXX_LIBRARY = "libc++";
				CLANG_ENABLE_MODULES = YES;
				CLANG_ENABLE_OBJC_ARC = YES;
				CLANG_ENABLE_OBJC_WEAK = YES;
				CLANG_WARN_BLOCK_CAPTURE_AUTORELEASING = YES;
				CLANG_WARN_BOOL_CONVERSION = YES;
				CLANG_WARN_COMMA = YES;
				CLANG_WARN_CONSTANT_CONVERSION = YES;
				CLANG_WARN_DEPRECATED_OBJC_IMPLEMENTATIONS = YES;
				CLANG_WARN_DIRECT_OBJC_ISA_USAGE = YES_ERROR;
				CLANG_WARN_DOCUMENTATION_COMMENTS = YES;
				CLANG_WARN_EMPTY_BODY = YES;
				CLANG_WARN_ENUM_CONVERSION = YES;
				CLANG_WARN_INFINITE_RECURSION = YES;
				CLANG_WARN_INT_CONVERSION = YES;
				CLANG_WARN_NON_LITERAL_NULL_CONVERSION = YES;
				CLANG_WARN_OBJC_IMPLICIT_RETAIN_SELF = YES;
				CLANG_WARN_OBJC_LITERAL_CONVERSION = YES;
				CLANG_WARN_OBJC_ROOT_CLASS = YES_ERROR;
				CLANG_WARN_RANGE_LOOP_ANALYSIS = YES;
				CLANG_WARN_STRICT_PROTOTYPES = YES;
				CLANG_WARN_SUSPICIOUS_MOVE = YES;
				CLANG_WARN_UNGUARDED_AVAILABILITY = YES_AGGRESSIVE;
				CLANG_WARN_UNREACHABLE_CODE = YES;
				CLANG_WARN__DUPLICATE_METHOD_MATCH = YES;
				CODE_SIGN_IDENTITY = "iPhone Developer";
				COPY_PHASE_STRIP = NO;
				DEBUG_INFORMATION_FORMAT = dwarf;
				ENABLE_STRICT_OBJC_MSGSEND = YES;
				ENABLE_TESTABILITY = YES;
				GCC_C_LANGUAGE_STANDARD = gnu11;
				GCC_DYNAMIC_NO_PIC = NO;
				GCC_NO_COMMON_BLOCKS = YES;
				GCC_OPTIMIZATION_LEVEL = 0;
				GCC_PREPROCESSOR_DEFINITIONS = (
					"DEBUG=1",
					"$(inherited)",
				);
				GCC_WARN_64_TO_32_BIT_CONVERSION = YES;
				GCC_WARN_ABOUT_RETURN_TYPE = YES_ERROR;
				GCC_WARN_UNDECLARED_SELECTOR = YES;
				GCC_WARN_UNINITIALIZED_AUTOS = YES_AGGRESSIVE;
				GCC_WARN_UNUSED_FUNCTION = YES;
				GCC_WARN_UNUSED_VARIABLE = YES;
				IPHONEOS_DEPLOYMENT_TARGET = 11.3;
				MTL_ENABLE_DEBUG_INFO = YES;
				ONLY_ACTIVE_ARCH = YES;
				SDKROOT = iphoneos;
			};
			name = Debug;
		};
		B563733220B054F1008E4C08 /* Release */ = {
			isa = XCBuildConfiguration;
			buildSettings = {
				ALWAYS_SEARCH_USER_PATHS = NO;
				CLANG_ANALYZER_NONNULL = YES;
				CLANG_ANALYZER_NUMBER_OBJECT_CONVERSION = YES_AGGRESSIVE;
				CLANG_CXX_LANGUAGE_STANDARD = "gnu++14";
				CLANG_CXX_LIBRARY = "libc++";
				CLANG_ENABLE_MODULES = YES;
				CLANG_ENABLE_OBJC_ARC = YES;
				CLANG_ENABLE_OBJC_WEAK = YES;
				CLANG_WARN_BLOCK_CAPTURE_AUTORELEASING = YES;
				CLANG_WARN_BOOL_CONVERSION = YES;
				CLANG_WARN_COMMA = YES;
				CLANG_WARN_CONSTANT_CONVERSION = YES;
				CLANG_WARN_DEPRECATED_OBJC_IMPLEMENTATIONS = YES;
				CLANG_WARN_DIRECT_OBJC_ISA_USAGE = YES_ERROR;
				CLANG_WARN_DOCUMENTATION_COMMENTS = YES;
				CLANG_WARN_EMPTY_BODY = YES;
				CLANG_WARN_ENUM_CONVERSION = YES;
				CLANG_WARN_INFINITE_RECURSION = YES;
				CLANG_WARN_INT_CONVERSION = YES;
				CLANG_WARN_NON_LITERAL_NULL_CONVERSION = YES;
				CLANG_WARN_OBJC_IMPLICIT_RETAIN_SELF = YES;
				CLANG_WARN_OBJC_LITERAL_CONVERSION = YES;
				CLANG_WARN_OBJC_ROOT_CLASS = YES_ERROR;
				CLANG_WARN_RANGE_LOOP_ANALYSIS = YES;
				CLANG_WARN_STRICT_PROTOTYPES = YES;
				CLANG_WARN_SUSPICIOUS_MOVE = YES;
				CLANG_WARN_UNGUARDED_AVAILABILITY = YES_AGGRESSIVE;
				CLANG_WARN_UNREACHABLE_CODE = YES;
				CLANG_WARN__DUPLICATE_METHOD_MATCH = YES;
				CODE_SIGN_IDENTITY = "iPhone Developer";
				COPY_PHASE_STRIP = NO;
				DEBUG_INFORMATION_FORMAT = "dwarf-with-dsym";
				ENABLE_NS_ASSERTIONS = NO;
				ENABLE_STRICT_OBJC_MSGSEND = YES;
				GCC_C_LANGUAGE_STANDARD = gnu11;
				GCC_NO_COMMON_BLOCKS = YES;
				GCC_WARN_64_TO_32_BIT_CONVERSION = YES;
				GCC_WARN_ABOUT_RETURN_TYPE = YES_ERROR;
				GCC_WARN_UNDECLARED_SELECTOR = YES;
				GCC_WARN_UNINITIALIZED_AUTOS = YES_AGGRESSIVE;
				GCC_WARN_UNUSED_FUNCTION = YES;
				GCC_WARN_UNUSED_VARIABLE = YES;
				IPHONEOS_DEPLOYMENT_TARGET = 11.3;
				MTL_ENABLE_DEBUG_INFO = NO;
				SDKROOT = iphoneos;
				VALIDATE_PRODUCT = YES;
			};
			name = Release;
		};
		B563733420B054F1008E4C08 /* Debug */ = {
			isa = XCBuildConfiguration;
			buildSettings = {
				ASSETCATALOG_COMPILER_APPICON_NAME = AppIcon;
				CODE_SIGN_STYLE = Automatic;
				DEVELOPMENT_TEAM = G79CMG3KRG;
				ENABLE_STRICT_OBJC_MSGSEND = NO;
				INFOPLIST_FILE = KVO/Info.plist;
				LD_RUNPATH_SEARCH_PATHS = (
					"$(inherited)",
					"@executable_path/Frameworks",
				);
				PRODUCT_BUNDLE_IDENTIFIER = com.czjwarrior.KVO;
				PRODUCT_NAME = "$(TARGET_NAME)";
				TARGETED_DEVICE_FAMILY = "1,2";
			};
			name = Debug;
		};
		B563733520B054F1008E4C08 /* Release */ = {
			isa = XCBuildConfiguration;
			buildSettings = {
				ASSETCATALOG_COMPILER_APPICON_NAME = AppIcon;
				CODE_SIGN_STYLE = Automatic;
				DEVELOPMENT_TEAM = G79CMG3KRG;
				ENABLE_STRICT_OBJC_MSGSEND = NO;
				INFOPLIST_FILE = KVO/Info.plist;
				LD_RUNPATH_SEARCH_PATHS = (
					"$(inherited)",
					"@executable_path/Frameworks",
				);
				PRODUCT_BUNDLE_IDENTIFIER = com.czjwarrior.KVO;
				PRODUCT_NAME = "$(TARGET_NAME)";
				TARGETED_DEVICE_FAMILY = "1,2";
			};
			name = Release;
		};
		B563733720B054F1008E4C08 /* Debug */ = {
			isa = XCBuildConfiguration;
			buildSettings = {
				BUNDLE_LOADER = "$(TEST_HOST)";
				CODE_SIGN_STYLE = Automatic;
				DEVELOPMENT_TEAM = G79CMG3KRG;
				INFOPLIST_FILE = KVOTests/Info.plist;
				LD_RUNPATH_SEARCH_PATHS = (
					"$(inherited)",
					"@executable_path/Frameworks",
					"@loader_path/Frameworks",
				);
				PRODUCT_BUNDLE_IDENTIFIER = com.czjwarrior.KVOTests;
				PRODUCT_NAME = "$(TARGET_NAME)";
				TARGETED_DEVICE_FAMILY = "1,2";
				TEST_HOST = "$(BUILT_PRODUCTS_DIR)/KVO.app/KVO";
			};
			name = Debug;
		};
		B563733820B054F1008E4C08 /* Release */ = {
			isa = XCBuildConfiguration;
			buildSettings = {
				BUNDLE_LOADER = "$(TEST_HOST)";
				CODE_SIGN_STYLE = Automatic;
				DEVELOPMENT_TEAM = G79CMG3KRG;
				INFOPLIST_FILE = KVOTests/Info.plist;
				LD_RUNPATH_SEARCH_PATHS = (
					"$(inherited)",
					"@executable_path/Frameworks",
					"@loader_path/Frameworks",
				);
				PRODUCT_BUNDLE_IDENTIFIER = com.czjwarrior.KVOTests;
				PRODUCT_NAME = "$(TARGET_NAME)";
				TARGETED_DEVICE_FAMILY = "1,2";
				TEST_HOST = "$(BUILT_PRODUCTS_DIR)/KVO.app/KVO";
			};
			name = Release;
		};
		B563733A20B054F1008E4C08 /* Debug */ = {
			isa = XCBuildConfiguration;
			buildSettings = {
				CODE_SIGN_STYLE = Automatic;
				DEVELOPMENT_TEAM = G79CMG3KRG;
				INFOPLIST_FILE = KVOUITests/Info.plist;
				LD_RUNPATH_SEARCH_PATHS = (
					"$(inherited)",
					"@executable_path/Frameworks",
					"@loader_path/Frameworks",
				);
				PRODUCT_BUNDLE_IDENTIFIER = com.czjwarrior.KVOUITests;
				PRODUCT_NAME = "$(TARGET_NAME)";
				TARGETED_DEVICE_FAMILY = "1,2";
				TEST_TARGET_NAME = KVO;
			};
			name = Debug;
		};
		B563733B20B054F1008E4C08 /* Release */ = {
			isa = XCBuildConfiguration;
			buildSettings = {
				CODE_SIGN_STYLE = Automatic;
				DEVELOPMENT_TEAM = G79CMG3KRG;
				INFOPLIST_FILE = KVOUITests/Info.plist;
				LD_RUNPATH_SEARCH_PATHS = (
					"$(inherited)",
					"@executable_path/Frameworks",
					"@loader_path/Frameworks",
				);
				PRODUCT_BUNDLE_IDENTIFIER = com.czjwarrior.KVOUITests;
				PRODUCT_NAME = "$(TARGET_NAME)";
				TARGETED_DEVICE_FAMILY = "1,2";
				TEST_TARGET_NAME = KVO;
			};
			name = Release;
		};
/* End XCBuildConfiguration section */

/* Begin XCConfigurationList section */
		B563730220B054EF008E4C08 /* Build configuration list for PBXProject "KVO" */ = {
			isa = XCConfigurationList;
			buildConfigurations = (
				B563733120B054F1008E4C08 /* Debug */,
				B563733220B054F1008E4C08 /* Release */,
			);
			defaultConfigurationIsVisible = 0;
			defaultConfigurationName = Release;
		};
		B563733320B054F1008E4C08 /* Build configuration list for PBXNativeTarget "KVO" */ = {
			isa = XCConfigurationList;
			buildConfigurations = (
				B563733420B054F1008E4C08 /* Debug */,
				B563733520B054F1008E4C08 /* Release */,
			);
			defaultConfigurationIsVisible = 0;
			defaultConfigurationName = Release;
		};
		B563733620B054F1008E4C08 /* Build configuration list for PBXNativeTarget "KVOTests" */ = {
			isa = XCConfigurationList;
			buildConfigurations = (
				B563733720B054F1008E4C08 /* Debug */,
				B563733820B054F1008E4C08 /* Release */,
			);
			defaultConfigurationIsVisible = 0;
			defaultConfigurationName = Release;
		};
		B563733920B054F1008E4C08 /* Build configuration list for PBXNativeTarget "KVOUITests" */ = {
			isa = XCConfigurationList;
			buildConfigurations = (
				B563733A20B054F1008E4C08 /* Debug */,
				B563733B20B054F1008E4C08 /* Release */,
			);
			defaultConfigurationIsVisible = 0;
			defaultConfigurationName = Release;
		};
/* End XCConfigurationList section */
	};
	rootObject = B56372FF20B054EF008E4C08 /* Project object */;
}
